
Microsoft Visual Studio Solution File, Format Version 12.00
# Visual Studio Version 16
VisualStudioVersion = 16.0.31515.178
MinimumVisualStudioVersion = 10.0.40219.1
Project("{C7167F0D-BC9F-4E6E-AFE1-012C56B48DB5}") = "AudioDeviceSwitcher (Package)", "src\AudioDeviceSwitcher (Package)\AudioDeviceSwitcher (Package).wapproj", "{5F2BBA54-26B8-4B2F-AB0D-C7EDDA1A7E58}"
EndProject
Project("{9A19103F-16F7-4668-BE54-9A1E7A4F7556}") = "AudioDeviceSwitcher", "src\AudioDeviceSwitcher\AudioDeviceSwitcher.csproj", "{8FF5FA0F-33B9-4DBD-8B04-BC4DF1B8DC85}"
EndProject
Project("{9A19103F-16F7-4668-BE54-9A1E7A4F7556}") = "AudioDeviceSwitcher.Tests", "Tests\AudioDeviceSwitcher.Tests.csproj", "{5EB86BA1-70E8-4B00-A192-10F75F86199C}"
EndProject
Project("{2150E333-8FDC-42A3-9474-1A3956D46DE8}") = "Solution Items", "Solution Items", "{A55C6339-7764-4CAE-9C38-85F2287794D7}"
	ProjectSection(SolutionItems) = preProject
		.gitignore = .gitignore
		build.ps1 = build.ps1
		Directory.Build.props = Directory.Build.props
		LICENSE.md = LICENSE.md
		.github\workflows\main.yaml = .github\workflows\main.yaml
		README.md = README.md
		version.json = version.json
	EndProjectSection
EndProject
Global
	GlobalSection(SolutionConfigurationPlatforms) = preSolution
		Debug|Any CPU = Debug|Any CPU
		Debug|arm64 = Debug|arm64
		Debug|x64 = Debug|x64
		Debug|x86 = Debug|x86
		Release|Any CPU = Release|Any CPU
		Release|arm64 = Release|arm64
		Release|x64 = Release|x64
		Release|x86 = Release|x86
	EndGlobalSection
	GlobalSection(ProjectConfigurationPlatforms) = postSolution
		{5F2BBA54-26B8-4B2F-AB0D-C7EDDA1A7E58}.Debug|Any CPU.ActiveCfg = Debug|x86
		{5F2BBA54-26B8-4B2F-AB0D-C7EDDA1A7E58}.Debug|arm64.ActiveCfg = Debug|arm64
		{5F2BBA54-26B8-4B2F-AB0D-C7EDDA1A7E58}.Debug|arm64.Build.0 = Debug|arm64
		{5F2BBA54-26B8-4B2F-AB0D-C7EDDA1A7E58}.Debug|arm64.Deploy.0 = Debug|arm64
		{5F2BBA54-26B8-4B2F-AB0D-C7EDDA1A7E58}.Debug|x64.ActiveCfg = Debug|x64
		{5F2BBA54-26B8-4B2F-AB0D-C7EDDA1A7E58}.Debug|x64.Build.0 = Debug|x64
		{5F2BBA54-26B8-4B2F-AB0D-C7EDDA1A7E58}.Debug|x64.Deploy.0 = Debug|x64
		{5F2BBA54-26B8-4B2F-AB0D-C7EDDA1A7E58}.Debug|x86.ActiveCfg = Debug|x86
		{5F2BBA54-26B8-4B2F-AB0D-C7EDDA1A7E58}.Debug|x86.Build.0 = Debug|x86
		{5F2BBA54-26B8-4B2F-AB0D-C7EDDA1A7E58}.Debug|x86.Deploy.0 = Debug|x86
		{5F2BBA54-26B8-4B2F-AB0D-C7EDDA1A7E58}.Release|Any CPU.ActiveCfg = Release|x86
		{5F2BBA54-26B8-4B2F-AB0D-C7EDDA1A7E58}.Release|arm64.ActiveCfg = Release|arm64
		{5F2BBA54-26B8-4B2F-AB0D-C7EDDA1A7E58}.Release|arm64.Build.0 = Release|arm64
		{5F2BBA54-26B8-4B2F-AB0D-C7EDDA1A7E58}.Release|arm64.Deploy.0 = Release|arm64
		{5F2BBA54-26B8-4B2F-AB0D-C7EDDA1A7E58}.Release|x64.ActiveCfg = Release|x64
		{5F2BBA54-26B8-4B2F-AB0D-C7EDDA1A7E58}.Release|x64.Build.0 = Release|x64
		{5F2BBA54-26B8-4B2F-AB0D-C7EDDA1A7E58}.Release|x64.Deploy.0 = Release|x64
		{5F2BBA54-26B8-4B2F-AB0D-C7EDDA1A7E58}.Release|x86.ActiveCfg = Release|x86
		{5F2BBA54-26B8-4B2F-AB0D-C7EDDA1A7E58}.Release|x86.Build.0 = Release|x86
		{5F2BBA54-26B8-4B2F-AB0D-C7EDDA1A7E58}.Release|x86.Deploy.0 = Release|x86
		{8FF5FA0F-33B9-4DBD-8B04-BC4DF1B8DC85}.Debug|Any CPU.ActiveCfg = Debug|x86
		{8FF5FA0F-33B9-4DBD-8B04-BC4DF1B8DC85}.Debug|arm64.ActiveCfg = Debug|arm64
		{8FF5FA0F-33B9-4DBD-8B04-BC4DF1B8DC85}.Debug|arm64.Build.0 = Debug|arm64
		{8FF5FA0F-33B9-4DBD-8B04-BC4DF1B8DC85}.Debug|x64.ActiveCfg = Debug|x64
		{8FF5FA0F-33B9-4DBD-8B04-BC4DF1B8DC85}.Debug|x64.Build.0 = Debug|x64
		{8FF5FA0F-33B9-4DBD-8B04-BC4DF1B8DC85}.Debug|x86.ActiveCfg = Debug|x86
		{8FF5FA0F-33B9-4DBD-8B04-BC4DF1B8DC85}.Debug|x86.Build.0 = Debug|x86
		{8FF5FA0F-33B9-4DBD-8B04-BC4DF1B8DC85}.Release|Any CPU.ActiveCfg = Release|x86
		{8FF5FA0F-33B9-4DBD-8B04-BC4DF1B8DC85}.Release|arm64.ActiveCfg = Release|arm64
		{8FF5FA0F-33B9-4DBD-8B04-BC4DF1B8DC85}.Release|arm64.Build.0 = Release|arm64
		{8FF5FA0F-33B9-4DBD-8B04-BC4DF1B8DC85}.Release|x64.ActiveCfg = Release|x64
		{8FF5FA0F-33B9-4DBD-8B04-BC4DF1B8DC85}.Release|x64.Build.0 = Release|x64
		{8FF5FA0F-33B9-4DBD-8B04-BC4DF1B8DC85}.Release|x86.ActiveCfg = Release|x86
		{8FF5FA0F-33B9-4DBD-8B04-BC4DF1B8DC85}.Release|x86.Build.0 = Release|x86
		{5EB86BA1-70E8-4B00-A192-10F75F86199C}.Debug|Any CPU.ActiveCfg = Debug|Any CPU
		{5EB86BA1-70E8-4B00-A192-10F75F86199C}.Debug|Any CPU.Build.0 = Debug|Any CPU
		{5EB86BA1-70E8-4B00-A192-10F75F86199C}.Debug|arm64.ActiveCfg = Debug|arm64
		{5EB86BA1-70E8-4B00-A192-10F75F86199C}.Debug|arm64.Build.0 = Debug|arm64
		{5EB86BA1-70E8-4B00-A192-10F75F86199C}.Debug|x64.ActiveCfg = Debug|x64
		{5EB86BA1-70E8-4B00-A192-10F75F86199C}.Debug|x64.Build.0 = Debug|x64
		{5EB86BA1-70E8-4B00-A192-10F75F86199C}.Debug|x86.ActiveCfg = Debug|x86
		{5EB86BA1-70E8-4B00-A192-10F75F86199C}.Debug|x86.Build.0 = Debug|x86
		{5EB86BA1-70E8-4B00-A192-10F75F86199C}.Release|Any CPU.ActiveCfg = Release|Any CPU
		{5EB86BA1-70E8-4B00-A192-10F75F86199C}.Release|Any CPU.Build.0 = Release|Any CPU
		{5EB86BA1-70E8-4B00-A192-10F75F86199C}.Release|arm64.ActiveCfg = Release|arm64
		{5EB86BA1-70E8-4B00-A192-10F75F86199C}.Release|arm64.Build.0 = Release|arm64
		{5EB86BA1-70E8-4B00-A192-10F75F86199C}.Release|x64.ActiveCfg = Release|x64
		{5EB86BA1-70E8-4B00-A192-10F75F86199C}.Release|x64.Build.0 = Release|x64
		{5EB86BA1-70E8-4B00-A192-10F75F86199C}.Release|x86.ActiveCfg = Release|x86
		{5EB86BA1-70E8-4B00-A192-10F75F86199C}.Release|x86.Build.0 = Release|x86
	EndGlobalSection
	GlobalSection(SolutionProperties) = preSolution
		HideSolutionNode = FALSE
	EndGlobalSection
	GlobalSection(ExtensibilityGlobals) = postSolution
		SolutionGuid = {41706372-04B2-4068-81D5-DCF9D75EE8A2}
	EndGlobalSection
EndGlobal
